schema: '2.0'
stages:
  data_ingestion:
    cmd: python src/data/data_ingestion.py
    deps:
    - path: C:\Users\evilk\Downloads\Compressed\Main_Training\train
      hash: md5
      md5: bd477e1ed7d892022e05ef6d31fc1d96.dir
      size: 24756450175
      nfiles: 1764
    - path: src/data/data_ingestion.py
      hash: md5
      md5: f00a142419edc7d1c5486735ebef4c88
      size: 3046
    outs:
    - path: data/raw
      hash: md5
      md5: 67702e8b37f15a59a1152e2acf9e8329.dir
      size: 24684989519
      nfiles: 1760
  data_preprocessing:
    cmd: python src/data/data_preprocessing.py
    deps:
    - path: data/raw
      hash: md5
      md5: 67702e8b37f15a59a1152e2acf9e8329.dir
      size: 24684989519
      nfiles: 1760
    - path: src/data/data_preprocessing.py
      hash: md5
      md5: 04f4eab1727dcb2fe0982fca74c62f86
      size: 4733
    outs:
    - path: data/processed
      hash: md5
      md5: 59189a6b6bb07a40e83ddd26ac980267.dir
      size: 28494191264
      nfiles: 704
  augment_features:
    cmd: python src/features/features_augmentation.py
    deps:
    - path: data/processed/train
      hash: md5
      md5: f7c61be82b7f26b6e5ca6fefafedb8dd.dir
      size: 22746783367
      nfiles: 562
    - path: data/processed/val
      hash: md5
      md5: 07edb70030261875ef02bd16c8835e37.dir
      size: 5747407897
      nfiles: 142
    - path: src/features/features_augmentation.py
      hash: md5
      md5: 28c45166c4e0259c809862028cba9fcd
      size: 3798
    outs:
    - path: data/features/train
      hash: md5
      md5: a4edca9b22d3967e231b19385d1fb4ff.dir
      size: 22746783367
      nfiles: 562
    - path: data/features/val
      hash: md5
      md5: 88175d9923df057c782eda384d6304ab.dir
      size: 5747407897
      nfiles: 142
  clinical_model:
    cmd: python src/models/clinical_model.py
    deps:
    - path: data/features/train
      hash: md5
      md5: a4edca9b22d3967e231b19385d1fb4ff.dir
      size: 22746783367
      nfiles: 562
    - path: data/features/val
      hash: md5
      md5: 88175d9923df057c782eda384d6304ab.dir
      size: 5747407897
      nfiles: 142
    - path: src/models/clinical_model.py
      hash: md5
      md5: b3dde4098dff2bc2aa90e172829c622d
      size: 4929
    outs:
    - path: models/clinical/clinical_model.pt
      hash: md5
      md5: c8064ab2a35575ee29ea7e14edac288f
      size: 115284
    - path: models/clinical/clinical_model_lite.pt
      hash: md5
      md5: 75786f0fb94702d22cf5262651f0a3f8
      size: 131645
